
Microsoft Visual Studio Solution File, Format Version 12.00
# Visual Studio Version 16
VisualStudioVersion = 16.0.29230.47
MinimumVisualStudioVersion = 10.0.40219.1
Project("{FAE04EC0-301F-11D3-BF4B-00C04F79EFBC}") = "Garsonix.TimeGame.UWP", "Garsonix.TimeGame\Garsonix.TimeGame.UWP\Garsonix.TimeGame.UWP.csproj", "{C5460F4B-0D22-4C75-BC94-0856D1799FDE}"
EndProject
Project("{FAE04EC0-301F-11D3-BF4B-00C04F79EFBC}") = "Garsonix.TimeGame.Android", "Garsonix.TimeGame\Garsonix.TimeGame.Android\Garsonix.TimeGame.Android.csproj", "{1260B397-D261-415A-9B49-DDA09059D9E6}"
EndProject
Project("{FAE04EC0-301F-11D3-BF4B-00C04F79EFBC}") = "Garsonix.TimeGame.iOS", "Garsonix.TimeGame\Garsonix.TimeGame.iOS\Garsonix.TimeGame.iOS.csproj", "{E389E288-9530-482C-BEFB-7056BCEAAFAF}"
EndProject
Project("{9A19103F-16F7-4668-BE54-9A1E7A4F7556}") = "Garsonix.TimeGame", "Garsonix.TimeGame\Garsonix.TimeGame\Garsonix.TimeGame.csproj", "{36CD761C-05AD-40DE-814C-EE3502A088D2}"
EndProject
Project("{9A19103F-16F7-4668-BE54-9A1E7A4F7556}") = "Garsonix.TimeGame.Tests", "Garsonix.TimeGame\Garsonix.TimeGame.Tests\Garsonix.TimeGame.Tests.csproj", "{1B05385D-F999-4263-A92D-3BB205198883}"
EndProject
Project("{2150E333-8FDC-42A3-9474-1A3956D46DE8}") = "_solution", "_solution", "{93B9827B-4024-449D-A46E-A846810DF51F}"
	ProjectSection(SolutionItems) = preProject
		.gitignore = .gitignore
		README.md = README.md
	EndProjectSection
EndProject
Global
	GlobalSection(SolutionConfigurationPlatforms) = preSolution
		Debug|Any CPU = Debug|Any CPU
		Debug|ARM = Debug|ARM
		Debug|iPhone = Debug|iPhone
		Debug|iPhoneSimulator = Debug|iPhoneSimulator
		Debug|x64 = Debug|x64
		Debug|x86 = Debug|x86
		Release|Any CPU = Release|Any CPU
		Release|ARM = Release|ARM
		Release|iPhone = Release|iPhone
		Release|iPhoneSimulator = Release|iPhoneSimulator
		Release|x64 = Release|x64
		Release|x86 = Release|x86
	EndGlobalSection
	GlobalSection(ProjectConfigurationPlatforms) = postSolution
		{C5460F4B-0D22-4C75-BC94-0856D1799FDE}.Debug|Any CPU.ActiveCfg = Debug|x86
		{C5460F4B-0D22-4C75-BC94-0856D1799FDE}.Debug|Any CPU.Build.0 = Debug|x86
		{C5460F4B-0D22-4C75-BC94-0856D1799FDE}.Debug|Any CPU.Deploy.0 = Debug|x86
		{C5460F4B-0D22-4C75-BC94-0856D1799FDE}.Debug|ARM.ActiveCfg = Debug|ARM
		{C5460F4B-0D22-4C75-BC94-0856D1799FDE}.Debug|ARM.Build.0 = Debug|ARM
		{C5460F4B-0D22-4C75-BC94-0856D1799FDE}.Debug|ARM.Deploy.0 = Debug|ARM
		{C5460F4B-0D22-4C75-BC94-0856D1799FDE}.Debug|iPhone.ActiveCfg = Debug|x86
		{C5460F4B-0D22-4C75-BC94-0856D1799FDE}.Debug|iPhone.Build.0 = Debug|x86
		{C5460F4B-0D22-4C75-BC94-0856D1799FDE}.Debug|iPhone.Deploy.0 = Debug|x86
		{C5460F4B-0D22-4C75-BC94-0856D1799FDE}.Debug|iPhoneSimulator.ActiveCfg = Debug|x86
		{C5460F4B-0D22-4C75-BC94-0856D1799FDE}.Debug|iPhoneSimulator.Build.0 = Debug|x86
		{C5460F4B-0D22-4C75-BC94-0856D1799FDE}.Debug|iPhoneSimulator.Deploy.0 = Debug|x86
		{C5460F4B-0D22-4C75-BC94-0856D1799FDE}.Debug|x64.ActiveCfg = Debug|x64
		{C5460F4B-0D22-4C75-BC94-0856D1799FDE}.Debug|x64.Build.0 = Debug|x64
		{C5460F4B-0D22-4C75-BC94-0856D1799FDE}.Debug|x64.Deploy.0 = Debug|x64
		{C5460F4B-0D22-4C75-BC94-0856D1799FDE}.Debug|x86.ActiveCfg = Debug|x86
		{C5460F4B-0D22-4C75-BC94-0856D1799FDE}.Debug|x86.Build.0 = Debug|x86
		{C5460F4B-0D22-4C75-BC94-0856D1799FDE}.Debug|x86.Deploy.0 = Debug|x86
		{C5460F4B-0D22-4C75-BC94-0856D1799FDE}.Release|Any CPU.ActiveCfg = Release|x86
		{C5460F4B-0D22-4C75-BC94-0856D1799FDE}.Release|Any CPU.Build.0 = Release|x86
		{C5460F4B-0D22-4C75-BC94-0856D1799FDE}.Release|Any CPU.Deploy.0 = Release|x86
		{C5460F4B-0D22-4C75-BC94-0856D1799FDE}.Release|ARM.ActiveCfg = Release|ARM
		{C5460F4B-0D22-4C75-BC94-0856D1799FDE}.Release|ARM.Build.0 = Release|ARM
		{C5460F4B-0D22-4C75-BC94-0856D1799FDE}.Release|ARM.Deploy.0 = Release|ARM
		{C5460F4B-0D22-4C75-BC94-0856D1799FDE}.Release|iPhone.ActiveCfg = Release|x86
		{C5460F4B-0D22-4C75-BC94-0856D1799FDE}.Release|iPhone.Build.0 = Release|x86
		{C5460F4B-0D22-4C75-BC94-0856D1799FDE}.Release|iPhone.Deploy.0 = Release|x86
		{C5460F4B-0D22-4C75-BC94-0856D1799FDE}.Release|iPhoneSimulator.ActiveCfg = Release|x86
		{C5460F4B-0D22-4C75-BC94-0856D1799FDE}.Release|iPhoneSimulator.Build.0 = Release|x86
		{C5460F4B-0D22-4C75-BC94-0856D1799FDE}.Release|iPhoneSimulator.Deploy.0 = Release|x86
		{C5460F4B-0D22-4C75-BC94-0856D1799FDE}.Release|x64.ActiveCfg = Release|x64
		{C5460F4B-0D22-4C75-BC94-0856D1799FDE}.Release|x64.Build.0 = Release|x64
		{C5460F4B-0D22-4C75-BC94-0856D1799FDE}.Release|x64.Deploy.0 = Release|x64
		{C5460F4B-0D22-4C75-BC94-0856D1799FDE}.Release|x86.ActiveCfg = Release|x86
		{C5460F4B-0D22-4C75-BC94-0856D1799FDE}.Release|x86.Build.0 = Release|x86
		{C5460F4B-0D22-4C75-BC94-0856D1799FDE}.Release|x86.Deploy.0 = Release|x86
		{1260B397-D261-415A-9B49-DDA09059D9E6}.Debug|Any CPU.ActiveCfg = Debug|Any CPU
		{1260B397-D261-415A-9B49-DDA09059D9E6}.Debug|Any CPU.Build.0 = Debug|Any CPU
		{1260B397-D261-415A-9B49-DDA09059D9E6}.Debug|Any CPU.Deploy.0 = Debug|Any CPU
		{1260B397-D261-415A-9B49-DDA09059D9E6}.Debug|ARM.ActiveCfg = Debug|Any CPU
		{1260B397-D261-415A-9B49-DDA09059D9E6}.Debug|ARM.Build.0 = Debug|Any CPU
		{1260B397-D261-415A-9B49-DDA09059D9E6}.Debug|ARM.Deploy.0 = Debug|Any CPU
		{1260B397-D261-415A-9B49-DDA09059D9E6}.Debug|iPhone.ActiveCfg = Debug|Any CPU
		{1260B397-D261-415A-9B49-DDA09059D9E6}.Debug|iPhone.Build.0 = Debug|Any CPU
		{1260B397-D261-415A-9B49-DDA09059D9E6}.Debug|iPhone.Deploy.0 = Debug|Any CPU
		{1260B397-D261-415A-9B49-DDA09059D9E6}.Debug|iPhoneSimulator.ActiveCfg = Debug|Any CPU
		{1260B397-D261-415A-9B49-DDA09059D9E6}.Debug|iPhoneSimulator.Build.0 = Debug|Any CPU
		{1260B397-D261-415A-9B49-DDA09059D9E6}.Debug|iPhoneSimulator.Deploy.0 = Debug|Any CPU
		{1260B397-D261-415A-9B49-DDA09059D9E6}.Debug|x64.ActiveCfg = Debug|Any CPU
		{1260B397-D261-415A-9B49-DDA09059D9E6}.Debug|x64.Build.0 = Debug|Any CPU
		{1260B397-D261-415A-9B49-DDA09059D9E6}.Debug|x64.Deploy.0 = Debug|Any CPU
		{1260B397-D261-415A-9B49-DDA09059D9E6}.Debug|x86.ActiveCfg = Debug|Any CPU
		{1260B397-D261-415A-9B49-DDA09059D9E6}.Debug|x86.Build.0 = Debug|Any CPU
		{1260B397-D261-415A-9B49-DDA09059D9E6}.Debug|x86.Deploy.0 = Debug|Any CPU
		{1260B397-D261-415A-9B49-DDA09059D9E6}.Release|Any CPU.ActiveCfg = Release|Any CPU
		{1260B397-D261-415A-9B49-DDA09059D9E6}.Release|Any CPU.Build.0 = Release|Any CPU
		{1260B397-D261-415A-9B49-DDA09059D9E6}.Release|Any CPU.Deploy.0 = Release|Any CPU
		{1260B397-D261-415A-9B49-DDA09059D9E6}.Release|ARM.ActiveCfg = Release|Any CPU
		{1260B397-D261-415A-9B49-DDA09059D9E6}.Release|ARM.Build.0 = Release|Any CPU
		{1260B397-D261-415A-9B49-DDA09059D9E6}.Release|ARM.Deploy.0 = Release|Any CPU
		{1260B397-D261-415A-9B49-DDA09059D9E6}.Release|iPhone.ActiveCfg = Release|Any CPU
		{1260B397-D261-415A-9B49-DDA09059D9E6}.Release|iPhone.Build.0 = Release|Any CPU
		{1260B397-D261-415A-9B49-DDA09059D9E6}.Release|iPhone.Deploy.0 = Release|Any CPU
		{1260B397-D261-415A-9B49-DDA09059D9E6}.Release|iPhoneSimulator.ActiveCfg = Release|Any CPU
		{1260B397-D261-415A-9B49-DDA09059D9E6}.Release|iPhoneSimulator.Build.0 = Release|Any CPU
		{1260B397-D261-415A-9B49-DDA09059D9E6}.Release|iPhoneSimulator.Deploy.0 = Release|Any CPU
		{1260B397-D261-415A-9B49-DDA09059D9E6}.Release|x64.ActiveCfg = Release|Any CPU
		{1260B397-D261-415A-9B49-DDA09059D9E6}.Release|x64.Build.0 = Release|Any CPU
		{1260B397-D261-415A-9B49-DDA09059D9E6}.Release|x64.Deploy.0 = Release|Any CPU
		{1260B397-D261-415A-9B49-DDA09059D9E6}.Release|x86.ActiveCfg = Release|Any CPU
		{1260B397-D261-415A-9B49-DDA09059D9E6}.Release|x86.Build.0 = Release|Any CPU
		{1260B397-D261-415A-9B49-DDA09059D9E6}.Release|x86.Deploy.0 = Release|Any CPU
		{E389E288-9530-482C-BEFB-7056BCEAAFAF}.Debug|Any CPU.ActiveCfg = Debug|iPhone
		{E389E288-9530-482C-BEFB-7056BCEAAFAF}.Debug|Any CPU.Build.0 = Debug|iPhone
		{E389E288-9530-482C-BEFB-7056BCEAAFAF}.Debug|Any CPU.Deploy.0 = Debug|iPhone
		{E389E288-9530-482C-BEFB-7056BCEAAFAF}.Debug|ARM.ActiveCfg = Debug|iPhoneSimulator
		{E389E288-9530-482C-BEFB-7056BCEAAFAF}.Debug|ARM.Build.0 = Debug|iPhoneSimulator
		{E389E288-9530-482C-BEFB-7056BCEAAFAF}.Debug|ARM.Deploy.0 = Debug|iPhoneSimulator
		{E389E288-9530-482C-BEFB-7056BCEAAFAF}.Debug|iPhone.ActiveCfg = Debug|iPhone
		{E389E288-9530-482C-BEFB-7056BCEAAFAF}.Debug|iPhone.Build.0 = Debug|iPhone
		{E389E288-9530-482C-BEFB-7056BCEAAFAF}.Debug|iPhone.Deploy.0 = Debug|iPhone
		{E389E288-9530-482C-BEFB-7056BCEAAFAF}.Debug|iPhoneSimulator.ActiveCfg = Debug|iPhoneSimulator
		{E389E288-9530-482C-BEFB-7056BCEAAFAF}.Debug|iPhoneSimulator.Build.0 = Debug|iPhoneSimulator
		{E389E288-9530-482C-BEFB-7056BCEAAFAF}.Debug|iPhoneSimulator.Deploy.0 = Debug|iPhoneSimulator
		{E389E288-9530-482C-BEFB-7056BCEAAFAF}.Debug|x64.ActiveCfg = Debug|iPhone
		{E389E288-9530-482C-BEFB-7056BCEAAFAF}.Debug|x64.Build.0 = Debug|iPhone
		{E389E288-9530-482C-BEFB-7056BCEAAFAF}.Debug|x64.Deploy.0 = Debug|iPhone
		{E389E288-9530-482C-BEFB-7056BCEAAFAF}.Debug|x86.ActiveCfg = Debug|iPhone
		{E389E288-9530-482C-BEFB-7056BCEAAFAF}.Debug|x86.Build.0 = Debug|iPhone
		{E389E288-9530-482C-BEFB-7056BCEAAFAF}.Debug|x86.Deploy.0 = Debug|iPhone
		{E389E288-9530-482C-BEFB-7056BCEAAFAF}.Release|Any CPU.ActiveCfg = Release|iPhone
		{E389E288-9530-482C-BEFB-7056BCEAAFAF}.Release|Any CPU.Build.0 = Release|iPhone
		{E389E288-9530-482C-BEFB-7056BCEAAFAF}.Release|Any CPU.Deploy.0 = Release|iPhone
		{E389E288-9530-482C-BEFB-7056BCEAAFAF}.Release|ARM.ActiveCfg = Release|iPhone
		{E389E288-9530-482C-BEFB-7056BCEAAFAF}.Release|ARM.Build.0 = Release|iPhone
		{E389E288-9530-482C-BEFB-7056BCEAAFAF}.Release|ARM.Deploy.0 = Release|iPhone
		{E389E288-9530-482C-BEFB-7056BCEAAFAF}.Release|iPhone.ActiveCfg = Release|iPhone
		{E389E288-9530-482C-BEFB-7056BCEAAFAF}.Release|iPhone.Build.0 = Release|iPhone
		{E389E288-9530-482C-BEFB-7056BCEAAFAF}.Release|iPhone.Deploy.0 = Release|iPhone
		{E389E288-9530-482C-BEFB-7056BCEAAFAF}.Release|iPhoneSimulator.ActiveCfg = Release|iPhoneSimulator
		{E389E288-9530-482C-BEFB-7056BCEAAFAF}.Release|iPhoneSimulator.Build.0 = Release|iPhoneSimulator
		{E389E288-9530-482C-BEFB-7056BCEAAFAF}.Release|iPhoneSimulator.Deploy.0 = Release|iPhoneSimulator
		{E389E288-9530-482C-BEFB-7056BCEAAFAF}.Release|x64.ActiveCfg = Release|iPhone
		{E389E288-9530-482C-BEFB-7056BCEAAFAF}.Release|x64.Build.0 = Release|iPhone
		{E389E288-9530-482C-BEFB-7056BCEAAFAF}.Release|x64.Deploy.0 = Release|iPhone
		{E389E288-9530-482C-BEFB-7056BCEAAFAF}.Release|x86.ActiveCfg = Release|iPhone
		{E389E288-9530-482C-BEFB-7056BCEAAFAF}.Release|x86.Build.0 = Release|iPhone
		{E389E288-9530-482C-BEFB-7056BCEAAFAF}.Release|x86.Deploy.0 = Release|iPhone
		{36CD761C-05AD-40DE-814C-EE3502A088D2}.Debug|Any CPU.ActiveCfg = Debug|Any CPU
		{36CD761C-05AD-40DE-814C-EE3502A088D2}.Debug|Any CPU.Build.0 = Debug|Any CPU
		{36CD761C-05AD-40DE-814C-EE3502A088D2}.Debug|Any CPU.Deploy.0 = Debug|Any CPU
		{36CD761C-05AD-40DE-814C-EE3502A088D2}.Debug|ARM.ActiveCfg = Debug|Any CPU
		{36CD761C-05AD-40DE-814C-EE3502A088D2}.Debug|ARM.Build.0 = Debug|Any CPU
		{36CD761C-05AD-40DE-814C-EE3502A088D2}.Debug|ARM.Deploy.0 = Debug|Any CPU
		{36CD761C-05AD-40DE-814C-EE3502A088D2}.Debug|iPhone.ActiveCfg = Debug|Any CPU
		{36CD761C-05AD-40DE-814C-EE3502A088D2}.Debug|iPhone.Build.0 = Debug|Any CPU
		{36CD761C-05AD-40DE-814C-EE3502A088D2}.Debug|iPhone.Deploy.0 = Debug|Any CPU
		{36CD761C-05AD-40DE-814C-EE3502A088D2}.Debug|iPhoneSimulator.ActiveCfg = Debug|Any CPU
		{36CD761C-05AD-40DE-814C-EE3502A088D2}.Debug|iPhoneSimulator.Build.0 = Debug|Any CPU
		{36CD761C-05AD-40DE-814C-EE3502A088D2}.Debug|iPhoneSimulator.Deploy.0 = Debug|Any CPU
		{36CD761C-05AD-40DE-814C-EE3502A088D2}.Debug|x64.ActiveCfg = Debug|Any CPU
		{36CD761C-05AD-40DE-814C-EE3502A088D2}.Debug|x64.Build.0 = Debug|Any CPU
		{36CD761C-05AD-40DE-814C-EE3502A088D2}.Debug|x64.Deploy.0 = Debug|Any CPU
		{36CD761C-05AD-40DE-814C-EE3502A088D2}.Debug|x86.ActiveCfg = Debug|Any CPU
		{36CD761C-05AD-40DE-814C-EE3502A088D2}.Debug|x86.Build.0 = Debug|Any CPU
		{36CD761C-05AD-40DE-814C-EE3502A088D2}.Debug|x86.Deploy.0 = Debug|Any CPU
		{36CD761C-05AD-40DE-814C-EE3502A088D2}.Release|Any CPU.ActiveCfg = Release|Any CPU
		{36CD761C-05AD-40DE-814C-EE3502A088D2}.Release|Any CPU.Build.0 = Release|Any CPU
		{36CD761C-05AD-40DE-814C-EE3502A088D2}.Release|Any CPU.Deploy.0 = Release|Any CPU
		{36CD761C-05AD-40DE-814C-EE3502A088D2}.Release|ARM.ActiveCfg = Release|Any CPU
		{36CD761C-05AD-40DE-814C-EE3502A088D2}.Release|ARM.Build.0 = Release|Any CPU
		{36CD761C-05AD-40DE-814C-EE3502A088D2}.Release|ARM.Deploy.0 = Release|Any CPU
		{36CD761C-05AD-40DE-814C-EE3502A088D2}.Release|iPhone.ActiveCfg = Release|Any CPU
		{36CD761C-05AD-40DE-814C-EE3502A088D2}.Release|iPhone.Build.0 = Release|Any CPU
		{36CD761C-05AD-40DE-814C-EE3502A088D2}.Release|iPhone.Deploy.0 = Release|Any CPU
		{36CD761C-05AD-40DE-814C-EE3502A088D2}.Release|iPhoneSimulator.ActiveCfg = Release|Any CPU
		{36CD761C-05AD-40DE-814C-EE3502A088D2}.Release|iPhoneSimulator.Build.0 = Release|Any CPU
		{36CD761C-05AD-40DE-814C-EE3502A088D2}.Release|iPhoneSimulator.Deploy.0 = Release|Any CPU
		{36CD761C-05AD-40DE-814C-EE3502A088D2}.Release|x64.ActiveCfg = Release|Any CPU
		{36CD761C-05AD-40DE-814C-EE3502A088D2}.Release|x64.Build.0 = Release|Any CPU
		{36CD761C-05AD-40DE-814C-EE3502A088D2}.Release|x64.Deploy.0 = Release|Any CPU
		{36CD761C-05AD-40DE-814C-EE3502A088D2}.Release|x86.ActiveCfg = Release|Any CPU
		{36CD761C-05AD-40DE-814C-EE3502A088D2}.Release|x86.Build.0 = Release|Any CPU
		{36CD761C-05AD-40DE-814C-EE3502A088D2}.Release|x86.Deploy.0 = Release|Any CPU
		{1B05385D-F999-4263-A92D-3BB205198883}.Debug|Any CPU.ActiveCfg = Debug|Any CPU
		{1B05385D-F999-4263-A92D-3BB205198883}.Debug|Any CPU.Build.0 = Debug|Any CPU
		{1B05385D-F999-4263-A92D-3BB205198883}.Debug|ARM.ActiveCfg = Debug|Any CPU
		{1B05385D-F999-4263-A92D-3BB205198883}.Debug|ARM.Build.0 = Debug|Any CPU
		{1B05385D-F999-4263-A92D-3BB205198883}.Debug|iPhone.ActiveCfg = Debug|Any CPU
		{1B05385D-F999-4263-A92D-3BB205198883}.Debug|iPhone.Build.0 = Debug|Any CPU
		{1B05385D-F999-4263-A92D-3BB205198883}.Debug|iPhoneSimulator.ActiveCfg = Debug|Any CPU
		{1B05385D-F999-4263-A92D-3BB205198883}.Debug|iPhoneSimulator.Build.0 = Debug|Any CPU
		{1B05385D-F999-4263-A92D-3BB205198883}.Debug|x64.ActiveCfg = Debug|Any CPU
		{1B05385D-F999-4263-A92D-3BB205198883}.Debug|x64.Build.0 = Debug|Any CPU
		{1B05385D-F999-4263-A92D-3BB205198883}.Debug|x86.ActiveCfg = Debug|Any CPU
		{1B05385D-F999-4263-A92D-3BB205198883}.Debug|x86.Build.0 = Debug|Any CPU
		{1B05385D-F999-4263-A92D-3BB205198883}.Release|Any CPU.ActiveCfg = Release|Any CPU
		{1B05385D-F999-4263-A92D-3BB205198883}.Release|Any CPU.Build.0 = Release|Any CPU
		{1B05385D-F999-4263-A92D-3BB205198883}.Release|ARM.ActiveCfg = Release|Any CPU
		{1B05385D-F999-4263-A92D-3BB205198883}.Release|ARM.Build.0 = Release|Any CPU
		{1B05385D-F999-4263-A92D-3BB205198883}.Release|iPhone.ActiveCfg = Release|Any CPU
		{1B05385D-F999-4263-A92D-3BB205198883}.Release|iPhone.Build.0 = Release|Any CPU
		{1B05385D-F999-4263-A92D-3BB205198883}.Release|iPhoneSimulator.ActiveCfg = Release|Any CPU
		{1B05385D-F999-4263-A92D-3BB205198883}.Release|iPhoneSimulator.Build.0 = Release|Any CPU
		{1B05385D-F999-4263-A92D-3BB205198883}.Release|x64.ActiveCfg = Release|Any CPU
		{1B05385D-F999-4263-A92D-3BB205198883}.Release|x64.Build.0 = Release|Any CPU
		{1B05385D-F999-4263-A92D-3BB205198883}.Release|x86.ActiveCfg = Release|Any CPU
		{1B05385D-F999-4263-A92D-3BB205198883}.Release|x86.Build.0 = Release|Any CPU
	EndGlobalSection
	GlobalSection(SolutionProperties) = preSolution
		HideSolutionNode = FALSE
	EndGlobalSection
	GlobalSection(ExtensibilityGlobals) = postSolution
		SolutionGuid = {CC9F795A-01CF-453B-8720-B7A087B164D9}
	EndGlobalSection
EndGlobal
